
Microsoft Visual Studio Solution File, Format Version 12.00
# Visual Studio Version 16
VisualStudioVersion = 16.0.29709.97
MinimumVisualStudioVersion = 10.0.40219.1
Project("{9A19103F-16F7-4668-BE54-9A1E7A4F7556}") = "WebAppMassTransitDI", "WebAppMassTransitDI\WebAppMassTransitDI.csproj", "{40FC44A4-5472-44A1-8A45-6057F7DD1904}"
EndProject
Global
	GlobalSection(SolutionConfigurationPlatforms) = preSolution
		Debug|Any CPU = Debug|Any CPU
		Release|Any CPU = Release|Any CPU
	EndGlobalSection
	GlobalSection(ProjectConfigurationPlatforms) = postSolution
		{40FC44A4-5472-44A1-8A45-6057F7DD1904}.Debug|Any CPU.ActiveCfg = Debug|Any CPU
		{40FC44A4-5472-44A1-8A45-6057F7DD1904}.Debug|Any CPU.Build.0 = Debug|Any CPU
		{40FC44A4-5472-44A1-8A45-6057F7DD1904}.Release|Any CPU.ActiveCfg = Release|Any CPU
		{40FC44A4-5472-44A1-8A45-6057F7DD1904}.Release|Any CPU.Build.0 = Release|Any CPU
	EndGlobalSection
	GlobalSection(SolutionProperties) = preSolution
		HideSolutionNode = FALSE
	EndGlobalSection
	GlobalSection(ExtensibilityGlobals) = postSolution
		SolutionGuid = {102607A6-E5E3-4830-A429-39117E7B672E}
	EndGlobalSection
EndGlobal
